// !$*UTF8*$!
{
	archiveVersion = 1;
	classes = {
	};
	objectVersion = 50;
	objects = {

/* Begin PBXBuildFile section */
		942E6BCD230465EE005DA15D /* Home.storyboard in Resources */ = {isa = PBXBuildFile; fileRef = 942E6BCB230465EE005DA15D /* Home.storyboard */; };
		9435221D230409B200C6BA2C /* AppDelegate.swift in Sources */ = {isa = PBXBuildFile; fileRef = 9435221C230409B200C6BA2C /* AppDelegate.swift */; };
		9435221F230409B200C6BA2C /* ViewController.swift in Sources */ = {isa = PBXBuildFile; fileRef = 9435221E230409B200C6BA2C /* ViewController.swift */; };
		94352222230409B200C6BA2C /* Main.storyboard in Resources */ = {isa = PBXBuildFile; fileRef = 94352220230409B200C6BA2C /* Main.storyboard */; };
		94352225230409B200C6BA2C /* DouYu.xcdatamodeld in Sources */ = {isa = PBXBuildFile; fileRef = 94352223230409B200C6BA2C /* DouYu.xcdatamodeld */; };
		94352227230409B400C6BA2C /* Assets.xcassets in Resources */ = {isa = PBXBuildFile; fileRef = 94352226230409B400C6BA2C /* Assets.xcassets */; };
		9435222A230409B400C6BA2C /* LaunchScreen.storyboard in Resources */ = {isa = PBXBuildFile; fileRef = 94352228230409B400C6BA2C /* LaunchScreen.storyboard */; };
		94352235230409B500C6BA2C /* DouYuTests.swift in Sources */ = {isa = PBXBuildFile; fileRef = 94352234230409B500C6BA2C /* DouYuTests.swift */; };
		94352240230409B500C6BA2C /* DouYuUITests.swift in Sources */ = {isa = PBXBuildFile; fileRef = 9435223F230409B500C6BA2C /* DouYuUITests.swift */; };
/* End PBXBuildFile section */

/* Begin PBXContainerItemProxy section */
		94352231230409B500C6BA2C /* PBXContainerItemProxy */ = {
			isa = PBXContainerItemProxy;
			containerPortal = 94352211230409B200C6BA2C /* Project object */;
			proxyType = 1;
			remoteGlobalIDString = 94352218230409B200C6BA2C;
			remoteInfo = DouYu;
		};
		9435223C230409B500C6BA2C /* PBXContainerItemProxy */ = {
			isa = PBXContainerItemProxy;
			containerPortal = 94352211230409B200C6BA2C /* Project object */;
			proxyType = 1;
			remoteGlobalIDString = 94352218230409B200C6BA2C;
			remoteInfo = DouYu;
		};
/* End PBXContainerItemProxy section */

/* Begin PBXFileReference section */
		942E6BCC230465EE005DA15D /* Base */ = {isa = PBXFileReference; lastKnownFileType = file.storyboard; name = Base; path = DouYu/Classes/Main/Base.lproj/Home.storyboard; sourceTree = "<group>"; };
		94352219230409B200C6BA2C /* DouYu.app */ = {isa = PBXFileReference; explicitFileType = wrapper.application; includeInIndex = 0; path = DouYu.app; sourceTree = BUILT_PRODUCTS_DIR; };
		9435221C230409B200C6BA2C /* AppDelegate.swift */ = {isa = PBXFileReference; lastKnownFileType = sourcecode.swift; path = AppDelegate.swift; sourceTree = "<group>"; };
		9435221E230409B200C6BA2C /* ViewController.swift */ = {isa = PBXFileReference; lastKnownFileType = sourcecode.swift; path = ViewController.swift; sourceTree = "<group>"; };
		94352221230409B200C6BA2C /* Base */ = {isa = PBXFileReference; lastKnownFileType = file.storyboard; name = Base; path = Base.lproj/Main.storyboard; sourceTree = "<group>"; };
		94352224230409B200C6BA2C /* DouYu.xcdatamodel */ = {isa = PBXFileReference; lastKnownFileType = wrapper.xcdatamodel; path = DouYu.xcdatamodel; sourceTree = "<group>"; };
		94352226230409B400C6BA2C /* Assets.xcassets */ = {isa = PBXFileReference; lastKnownFileType = folder.assetcatalog; path = Assets.xcassets; sourceTree = "<group>"; };
		94352229230409B400C6BA2C /* Base */ = {isa = PBXFileReference; lastKnownFileType = file.storyboard; name = Base; path = Base.lproj/LaunchScreen.storyboard; sourceTree = "<group>"; };
		9435222B230409B400C6BA2C /* Info.plist */ = {isa = PBXFileReference; lastKnownFileType = text.plist.xml; path = Info.plist; sourceTree = "<group>"; };
		94352230230409B500C6BA2C /* DouYuTests.xctest */ = {isa = PBXFileReference; explicitFileType = wrapper.cfbundle; includeInIndex = 0; path = DouYuTests.xctest; sourceTree = BUILT_PRODUCTS_DIR; };
		94352234230409B500C6BA2C /* DouYuTests.swift */ = {isa = PBXFileReference; lastKnownFileType = sourcecode.swift; path = DouYuTests.swift; sourceTree = "<group>"; };
		94352236230409B500C6BA2C /* Info.plist */ = {isa = PBXFileReference; lastKnownFileType = text.plist.xml; path = Info.plist; sourceTree = "<group>"; };
		9435223B230409B500C6BA2C /* DouYuUITests.xctest */ = {isa = PBXFileReference; explicitFileType = wrapper.cfbundle; includeInIndex = 0; path = DouYuUITests.xctest; sourceTree = BUILT_PRODUCTS_DIR; };
		9435223F230409B500C6BA2C /* DouYuUITests.swift */ = {isa = PBXFileReference; lastKnownFileType = sourcecode.swift; path = DouYuUITests.swift; sourceTree = "<group>"; };
		94352241230409B500C6BA2C /* Info.plist */ = {isa = PBXFileReference; lastKnownFileType = text.plist.xml; path = Info.plist; sourceTree = "<group>"; };
/* End PBXFileReference section */

/* Begin PBXFrameworksBuildPhase section */
		94352216230409B200C6BA2C /* Frameworks */ = {
			isa = PBXFrameworksBuildPhase;
			buildActionMask = 2147483647;
			files = (
			);
			runOnlyForDeploymentPostprocessing = 0;
		};
		9435222D230409B500C6BA2C /* Frameworks */ = {
			isa = PBXFrameworksBuildPhase;
			buildActionMask = 2147483647;
			files = (
			);
			runOnlyForDeploymentPostprocessing = 0;
		};
		94352238230409B500C6BA2C /* Frameworks */ = {
			isa = PBXFrameworksBuildPhase;
			buildActionMask = 2147483647;
			files = (
			);
			runOnlyForDeploymentPostprocessing = 0;
		};
/* End PBXFrameworksBuildPhase section */

/* Begin PBXGroup section */
		94352210230409B200C6BA2C = {
			isa = PBXGroup;
			children = (
				9435221B230409B200C6BA2C /* DouYu */,
				94352233230409B500C6BA2C /* DouYuTests */,
				9435223E230409B500C6BA2C /* DouYuUITests */,
				9435221A230409B200C6BA2C /* Products */,
			);
			sourceTree = "<group>";
		};
		9435221A230409B200C6BA2C /* Products */ = {
			isa = PBXGroup;
			children = (
				94352219230409B200C6BA2C /* DouYu.app */,
				94352230230409B500C6BA2C /* DouYuTests.xctest */,
				9435223B230409B500C6BA2C /* DouYuUITests.xctest */,
			);
			name = Products;
			sourceTree = "<group>";
		};
		9435221B230409B200C6BA2C /* DouYu */ = {
			isa = PBXGroup;
			children = (
				9435224D23044D0700C6BA2C /* Classes */,
				9435221C230409B200C6BA2C /* AppDelegate.swift */,
				9435221E230409B200C6BA2C /* ViewController.swift */,
				94352226230409B400C6BA2C /* Assets.xcassets */,
				94352228230409B400C6BA2C /* LaunchScreen.storyboard */,
				9435222B230409B400C6BA2C /* Info.plist */,
				94352223230409B200C6BA2C /* DouYu.xcdatamodeld */,
			);
			path = DouYu;
			sourceTree = "<group>";
		};
		94352233230409B500C6BA2C /* DouYuTests */ = {
			isa = PBXGroup;
			children = (
				94352234230409B500C6BA2C /* DouYuTests.swift */,
				94352236230409B500C6BA2C /* Info.plist */,
			);
			path = DouYuTests;
			sourceTree = "<group>";
		};
		9435223E230409B500C6BA2C /* DouYuUITests */ = {
			isa = PBXGroup;
			children = (
				9435223F230409B500C6BA2C /* DouYuUITests.swift */,
				94352241230409B500C6BA2C /* Info.plist */,
			);
			path = DouYuUITests;
			sourceTree = "<group>";
		};
		9435224D23044D0700C6BA2C /* Classes */ = {
			isa = PBXGroup;
			children = (
				943522672304506400C6BA2C /* Main */,
				943522692304506400C6BA2C /* Home */,
				9435226A2304506400C6BA2C /* Live */,
				9435226B2304506400C6BA2C /* Follow */,
				943522682304506400C6BA2C /* Profile */,
				943522662304506400C6BA2C /* Tools */,
			);
			path = Classes;
			sourceTree = "<group>";
		};
		943522662304506400C6BA2C /* Tools */ = {
			isa = PBXGroup;
			children = (
			);
			path = Tools;
			sourceTree = "<group>";
		};
		943522672304506400C6BA2C /* Main */ = {
			isa = PBXGroup;
			children = (
				94352220230409B200C6BA2C /* Main.storyboard */,
				942E6BCB230465EE005DA15D /* Home.storyboard */,
			);
			path = Main;
			sourceTree = "<group>";
		};
		943522682304506400C6BA2C /* Profile */ = {
			isa = PBXGroup;
			children = (
			);
			path = Profile;
			sourceTree = "<group>";
		};
		943522692304506400C6BA2C /* Home */ = {
			isa = PBXGroup;
			children = (
			);
			path = Home;
			sourceTree = "<group>";
		};
		9435226A2304506400C6BA2C /* Live */ = {
			isa = PBXGroup;
			children = (
			);
			path = Live;
			sourceTree = "<group>";
		};
		9435226B2304506400C6BA2C /* Follow */ = {
			isa = PBXGroup;
			children = (
			);
			path = Follow;
			sourceTree = "<group>";
		};
/* End PBXGroup section */

/* Begin PBXNativeTarget section */
		94352218230409B200C6BA2C /* DouYu */ = {
			isa = PBXNativeTarget;
			buildConfigurationList = 94352244230409B500C6BA2C /* Build configuration list for PBXNativeTarget "DouYu" */;
			buildPhases = (
				94352215230409B200C6BA2C /* Sources */,
				94352216230409B200C6BA2C /* Frameworks */,
				94352217230409B200C6BA2C /* Resources */,
			);
			buildRules = (
			);
			dependencies = (
			);
			name = DouYu;
			productName = DouYu;
			productReference = 94352219230409B200C6BA2C /* DouYu.app */;
			productType = "com.apple.product-type.application";
		};
		9435222F230409B500C6BA2C /* DouYuTests */ = {
			isa = PBXNativeTarget;
			buildConfigurationList = 94352247230409B500C6BA2C /* Build configuration list for PBXNativeTarget "DouYuTests" */;
			buildPhases = (
				9435222C230409B500C6BA2C /* Sources */,
				9435222D230409B500C6BA2C /* Frameworks */,
				9435222E230409B500C6BA2C /* Resources */,
			);
			buildRules = (
			);
			dependencies = (
				94352232230409B500C6BA2C /* PBXTargetDependency */,
			);
			name = DouYuTests;
			productName = DouYuTests;
			productReference = 94352230230409B500C6BA2C /* DouYuTests.xctest */;
			productType = "com.apple.product-type.bundle.unit-test";
		};
		9435223A230409B500C6BA2C /* DouYuUITests */ = {
			isa = PBXNativeTarget;
			buildConfigurationList = 9435224A230409B500C6BA2C /* Build configuration list for PBXNativeTarget "DouYuUITests" */;
			buildPhases = (
				94352237230409B500C6BA2C /* Sources */,
				94352238230409B500C6BA2C /* Frameworks */,
				94352239230409B500C6BA2C /* Resources */,
			);
			buildRules = (
			);
			dependencies = (
				9435223D230409B500C6BA2C /* PBXTargetDependency */,
			);
			name = DouYuUITests;
			productName = DouYuUITests;
			productReference = 9435223B230409B500C6BA2C /* DouYuUITests.xctest */;
			productType = "com.apple.product-type.bundle.ui-testing";
		};
/* End PBXNativeTarget section */

/* Begin PBXProject section */
		94352211230409B200C6BA2C /* Project object */ = {
			isa = PBXProject;
			attributes = {
				LastSwiftUpdateCheck = 1030;
				LastUpgradeCheck = 1030;
				ORGANIZATIONNAME = "Daoxiang Deng";
				TargetAttributes = {
					94352218230409B200C6BA2C = {
						CreatedOnToolsVersion = 10.3;
					};
					9435222F230409B500C6BA2C = {
						CreatedOnToolsVersion = 10.3;
						TestTargetID = 94352218230409B200C6BA2C;
					};
					9435223A230409B500C6BA2C = {
						CreatedOnToolsVersion = 10.3;
						TestTargetID = 94352218230409B200C6BA2C;
					};
				};
			};
			buildConfigurationList = 94352214230409B200C6BA2C /* Build configuration list for PBXProject "DouYu" */;
			compatibilityVersion = "Xcode 9.3";
			developmentRegion = en;
			hasScannedForEncodings = 0;
			knownRegions = (
				en,
				Base,
			);
			mainGroup = 94352210230409B200C6BA2C;
			productRefGroup = 9435221A230409B200C6BA2C /* Products */;
			projectDirPath = "";
			projectRoot = "";
			targets = (
				94352218230409B200C6BA2C /* DouYu */,
				9435222F230409B500C6BA2C /* DouYuTests */,
				9435223A230409B500C6BA2C /* DouYuUITests */,
			);
		};
/* End PBXProject section */

/* Begin PBXResourcesBuildPhase section */
		94352217230409B200C6BA2C /* Resources */ = {
			isa = PBXResourcesBuildPhase;
			buildActionMask = 2147483647;
			files = (
				9435222A230409B400C6BA2C /* LaunchScreen.storyboard in Resources */,
				94352227230409B400C6BA2C /* Assets.xcassets in Resources */,
				94352222230409B200C6BA2C /* Main.storyboard in Resources */,
				942E6BCD230465EE005DA15D /* Home.storyboard in Resources */,
			);
			runOnlyForDeploymentPostprocessing = 0;
		};
		9435222E230409B500C6BA2C /* Resources */ = {
			isa = PBXResourcesBuildPhase;
			buildActionMask = 2147483647;
			files = (
			);
			runOnlyForDeploymentPostprocessing = 0;
		};
		94352239230409B500C6BA2C /* Resources */ = {
			isa = PBXResourcesBuildPhase;
			buildActionMask = 2147483647;
			files = (
			);
			runOnlyForDeploymentPostprocessing = 0;
		};
/* End PBXResourcesBuildPhase section */

/* Begin PBXSourcesBuildPhase section */
		94352215230409B200C6BA2C /* Sources */ = {
			isa = PBXSourcesBuildPhase;
			buildActionMask = 2147483647;
			files = (
				94352225230409B200C6BA2C /* DouYu.xcdatamodeld in Sources */,
				9435221F230409B200C6BA2C /* ViewController.swift in Sources */,
				9435221D230409B200C6BA2C /* AppDelegate.swift in Sources */,
			);
			runOnlyForDeploymentPostprocessing = 0;
		};
		9435222C230409B500C6BA2C /* Sources */ = {
			isa = PBXSourcesBuildPhase;
			buildActionMask = 2147483647;
			files = (
				94352235230409B500C6BA2C /* DouYuTests.swift in Sources */,
			);
			runOnlyForDeploymentPostprocessing = 0;
		};
		94352237230409B500C6BA2C /* Sources */ = {
			isa = PBXSourcesBuildPhase;
			buildActionMask = 2147483647;
			files = (
				94352240230409B500C6BA2C /* DouYuUITests.swift in Sources */,
			);
			runOnlyForDeploymentPostprocessing = 0;
		};
/* End PBXSourcesBuildPhase section */

/* Begin PBXTargetDependency section */
		94352232230409B500C6BA2C /* PBXTargetDependency */ = {
			isa = PBXTargetDependency;
			target = 94352218230409B200C6BA2C /* DouYu */;
			targetProxy = 94352231230409B500C6BA2C /* PBXContainerItemProxy */;
		};
		9435223D230409B500C6BA2C /* PBXTargetDependency */ = {
			isa = PBXTargetDependency;
			target = 94352218230409B200C6BA2C /* DouYu */;
			targetProxy = 9435223C230409B500C6BA2C /* PBXContainerItemProxy */;
		};
/* End PBXTargetDependency section */

/* Begin PBXVariantGroup section */
		942E6BCB230465EE005DA15D /* Home.storyboard */ = {
			isa = PBXVariantGroup;
			children = (
				942E6BCC230465EE005DA15D /* Base */,
			);
			name = Home.storyboard;
			sourceTree = "<group>";
		};
		94352220230409B200C6BA2C /* Main.storyboard */ = {
			isa = PBXVariantGroup;
			children = (
				94352221230409B200C6BA2C /* Base */,
			);
			name = Main.storyboard;
			sourceTree = "<group>";
		};
		94352228230409B400C6BA2C /* LaunchScreen.storyboard */ = {
			isa = PBXVariantGroup;
			children = (
				94352229230409B400C6BA2C /* Base */,
			);
			name = LaunchScreen.storyboard;
			sourceTree = "<group>";
		};
/* End PBXVariantGroup section */

/* Begin XCBuildConfiguration section */
		94352242230409B500C6BA2C /* Debug */ = {
			isa = XCBuildConfiguration;
			buildSettings = {
				ALWAYS_SEARCH_USER_PATHS = NO;
				CLANG_ANALYZER_NONNULL = YES;
				CLANG_ANALYZER_NUMBER_OBJECT_CONVERSION = YES_AGGRESSIVE;
				CLANG_CXX_LANGUAGE_STANDARD = "gnu++14";
				CLANG_CXX_LIBRARY = "libc++";
				CLANG_ENABLE_MODULES = YES;
				CLANG_ENABLE_OBJC_ARC = YES;
				CLANG_ENABLE_OBJC_WEAK = YES;
				CLANG_WARN_BLOCK_CAPTURE_AUTORELEASING = YES;
				CLANG_WARN_BOOL_CONVERSION = YES;
				CLANG_WARN_COMMA = YES;
				CLANG_WARN_CONSTANT_CONVERSION = YES;
				CLANG_WARN_DEPRECATED_OBJC_IMPLEMENTATIONS = YES;
				CLANG_WARN_DIRECT_OBJC_ISA_USAGE = YES_ERROR;
				CLANG_WARN_DOCUMENTATION_COMMENTS = YES;
				CLANG_WARN_EMPTY_BODY = YES;
				CLANG_WARN_ENUM_CONVERSION = YES;
				CLANG_WARN_INFINITE_RECURSION = YES;
				CLANG_WARN_INT_CONVERSION = YES;
				CLANG_WARN_NON_LITERAL_NULL_CONVERSION = YES;
				CLANG_WARN_OBJC_IMPLICIT_RETAIN_SELF = YES;
				CLANG_WARN_OBJC_LITERAL_CONVERSION = YES;
				CLANG_WARN_OBJC_ROOT_CLASS = YES_ERROR;
				CLANG_WARN_RANGE_LOOP_ANALYSIS = YES;
				CLANG_WARN_STRICT_PROTOTYPES = YES;
				CLANG_WARN_SUSPICIOUS_MOVE = YES;
				CLANG_WARN_UNGUARDED_AVAILABILITY = YES_AGGRESSIVE;
				CLANG_WARN_UNREACHABLE_CODE = YES;
				CLANG_WARN__DUPLICATE_METHOD_MATCH = YES;
				CODE_SIGN_IDENTITY = "iPhone Developer";
				COPY_PHASE_STRIP = NO;
				DEBUG_INFORMATION_FORMAT = dwarf;
				ENABLE_STRICT_OBJC_MSGSEND = YES;
				ENABLE_TESTABILITY = YES;
				GCC_C_LANGUAGE_STANDARD = gnu11;
				GCC_DYNAMIC_NO_PIC = NO;
				GCC_NO_COMMON_BLOCKS = YES;
				GCC_OPTIMIZATION_LEVEL = 0;
				GCC_PREPROCESSOR_DEFINITIONS = (
					"DEBUG=1",
					"$(inherited)",
				);
				GCC_WARN_64_TO_32_BIT_CONVERSION = YES;
				GCC_WARN_ABOUT_RETURN_TYPE = YES_ERROR;
				GCC_WARN_UNDECLARED_SELECTOR = YES;
				GCC_WARN_UNINITIALIZED_AUTOS = YES_AGGRESSIVE;
				GCC_WARN_UNUSED_FUNCTION = YES;
				GCC_WARN_UNUSED_VARIABLE = YES;
				IPHONEOS_DEPLOYMENT_TARGET = 12.4;
				MTL_ENABLE_DEBUG_INFO = INCLUDE_SOURCE;
				MTL_FAST_MATH = YES;
				ONLY_ACTIVE_ARCH = YES;
				SDKROOT = iphoneos;
				SWIFT_ACTIVE_COMPILATION_CONDITIONS = DEBUG;
				SWIFT_OPTIMIZATION_LEVEL = "-Onone";
			};
			name = Debug;
		};
		94352243230409B500C6BA2C /* Release */ = {
			isa = XCBuildConfiguration;
			buildSettings = {
				ALWAYS_SEARCH_USER_PATHS = NO;
				CLANG_ANALYZER_NONNULL = YES;
				CLANG_ANALYZER_NUMBER_OBJECT_CONVERSION = YES_AGGRESSIVE;
				CLANG_CXX_LANGUAGE_STANDARD = "gnu++14";
				CLANG_CXX_LIBRARY = "libc++";
				CLANG_ENABLE_MODULES = YES;
				CLANG_ENABLE_OBJC_ARC = YES;
				CLANG_ENABLE_OBJC_WEAK = YES;
				CLANG_WARN_BLOCK_CAPTURE_AUTORELEASING = YES;
				CLANG_WARN_BOOL_CONVERSION = YES;
				CLANG_WARN_COMMA = YES;
				CLANG_WARN_CONSTANT_CONVERSION = YES;
				CLANG_WARN_DEPRECATED_OBJC_IMPLEMENTATIONS = YES;
				CLANG_WARN_DIRECT_OBJC_ISA_USAGE = YES_ERROR;
				CLANG_WARN_DOCUMENTATION_COMMENTS = YES;
				CLANG_WARN_EMPTY_BODY = YES;
				CLANG_WARN_ENUM_CONVERSION = YES;
				CLANG_WARN_INFINITE_RECURSION = YES;
				CLANG_WARN_INT_CONVERSION = YES;
				CLANG_WARN_NON_LITERAL_NULL_CONVERSION = YES;
				CLANG_WARN_OBJC_IMPLICIT_RETAIN_SELF = YES;
				CLANG_WARN_OBJC_LITERAL_CONVERSION = YES;
				CLANG_WARN_OBJC_ROOT_CLASS = YES_ERROR;
				CLANG_WARN_RANGE_LOOP_ANALYSIS = YES;
				CLANG_WARN_STRICT_PROTOTYPES = YES;
				CLANG_WARN_SUSPICIOUS_MOVE = YES;
				CLANG_WARN_UNGUARDED_AVAILABILITY = YES_AGGRESSIVE;
				CLANG_WARN_UNREACHABLE_CODE = YES;
				CLANG_WARN__DUPLICATE_METHOD_MATCH = YES;
				CODE_SIGN_IDENTITY = "iPhone Developer";
				COPY_PHASE_STRIP = NO;
				DEBUG_INFORMATION_FORMAT = "dwarf-with-dsym";
				ENABLE_NS_ASSERTIONS = NO;
				ENABLE_STRICT_OBJC_MSGSEND = YES;
				GCC_C_LANGUAGE_STANDARD = gnu11;
				GCC_NO_COMMON_BLOCKS = YES;
				GCC_WARN_64_TO_32_BIT_CONVERSION = YES;
				GCC_WARN_ABOUT_RETURN_TYPE = YES_ERROR;
				GCC_WARN_UNDECLARED_SELECTOR = YES;
				GCC_WARN_UNINITIALIZED_AUTOS = YES_AGGRESSIVE;
				GCC_WARN_UNUSED_FUNCTION = YES;
				GCC_WARN_UNUSED_VARIABLE = YES;
				IPHONEOS_DEPLOYMENT_TARGET = 12.4;
				MTL_ENABLE_DEBUG_INFO = NO;
				MTL_FAST_MATH = YES;
				SDKROOT = iphoneos;
				SWIFT_COMPILATION_MODE = wholemodule;
				SWIFT_OPTIMIZATION_LEVEL = "-O";
				VALIDATE_PRODUCT = YES;
			};
			name = Release;
		};
		94352245230409B500C6BA2C /* Debug */ = {
			isa = XCBuildConfiguration;
			buildSettings = {
				ASSETCATALOG_COMPILER_APPICON_NAME = AppIcon;
				ASSETCATALOG_COMPILER_LAUNCHIMAGE_NAME = LaunchImage;
				CODE_SIGN_STYLE = Automatic;
				DEVELOPMENT_TEAM = LE46WRRWBD;
				INFOPLIST_FILE = DouYu/Info.plist;
				IPHONEOS_DEPLOYMENT_TARGET = 12.0;
				LD_RUNPATH_SEARCH_PATHS = (
					"$(inherited)",
					"@executable_path/Frameworks",
				);
				PRODUCT_BUNDLE_IDENTIFIER = DaoxiangDeng.DouYu;
				PRODUCT_NAME = "$(TARGET_NAME)";
				SWIFT_VERSION = 5.0;
				TARGETED_DEVICE_FAMILY = "1,2";
			};
			name = Debug;
		};
		94352246230409B500C6BA2C /* Release */ = {
			isa = XCBuildConfiguration;
			buildSettings = {
				ASSETCATALOG_COMPILER_APPICON_NAME = AppIcon;
				ASSETCATALOG_COMPILER_LAUNCHIMAGE_NAME = LaunchImage;
				CODE_SIGN_STYLE = Automatic;
				DEVELOPMENT_TEAM = LE46WRRWBD;
				INFOPLIST_FILE = DouYu/Info.plist;
				IPHONEOS_DEPLOYMENT_TARGET = 12.0;
				LD_RUNPATH_SEARCH_PATHS = (
					"$(inherited)",
					"@executable_path/Frameworks",
				);
				PRODUCT_BUNDLE_IDENTIFIER = DaoxiangDeng.DouYu;
				PRODUCT_NAME = "$(TARGET_NAME)";
				SWIFT_VERSION = 5.0;
				TARGETED_DEVICE_FAMILY = "1,2";
			};
			name = Release;
		};
		94352248230409B500C6BA2C /* Debug */ = {
			isa = XCBuildConfiguration;
			buildSettings = {
				ALWAYS_EMBED_SWIFT_STANDARD_LIBRARIES = YES;
				BUNDLE_LOADER = "$(TEST_HOST)";
				CODE_SIGN_STYLE = Automatic;
				DEVELOPMENT_TEAM = LE46WRRWBD;
				INFOPLIST_FILE = DouYuTests/Info.plist;
				LD_RUNPATH_SEARCH_PATHS = (
					"$(inherited)",
					"@executable_path/Frameworks",
					"@loader_path/Frameworks",
				);
				PRODUCT_BUNDLE_IDENTIFIER = DaoxiangDeng.DouYuTests;
				PRODUCT_NAME = "$(TARGET_NAME)";
				SWIFT_VERSION = 5.0;
				TARGETED_DEVICE_FAMILY = "1,2";
				TEST_HOST = "$(BUILT_PRODUCTS_DIR)/DouYu.app/DouYu";
			};
			name = Debug;
		};
		94352249230409B500C6BA2C /* Release */ = {
			isa = XCBuildConfiguration;
			buildSettings = {
				ALWAYS_EMBED_SWIFT_STANDARD_LIBRARIES = YES;
				BUNDLE_LOADER = "$(TEST_HOST)";
				CODE_SIGN_STYLE = Automatic;
				DEVELOPMENT_TEAM = LE46WRRWBD;
				INFOPLIST_FILE = DouYuTests/Info.plist;
				LD_RUNPATH_SEARCH_PATHS = (
					"$(inherited)",
					"@executable_path/Frameworks",
					"@loader_path/Frameworks",
				);
				PRODUCT_BUNDLE_IDENTIFIER = DaoxiangDeng.DouYuTests;
				PRODUCT_NAME = "$(TARGET_NAME)";
				SWIFT_VERSION = 5.0;
				TARGETED_DEVICE_FAMILY = "1,2";
				TEST_HOST = "$(BUILT_PRODUCTS_DIR)/DouYu.app/DouYu";
			};
			name = Release;
		};
		9435224B230409B500C6BA2C /* Debug */ = {
			isa = XCBuildConfiguration;
			buildSettings = {
				ALWAYS_EMBED_SWIFT_STANDARD_LIBRARIES = YES;
				CODE_SIGN_STYLE = Automatic;
				DEVELOPMENT_TEAM = LE46WRRWBD;
				INFOPLIST_FILE = DouYuUITests/Info.plist;
				LD_RUNPATH_SEARCH_PATHS = (
					"$(inherited)",
					"@executable_path/Frameworks",
					"@loader_path/Frameworks",
				);
				PRODUCT_BUNDLE_IDENTIFIER = DaoxiangDeng.DouYuUITests;
				PRODUCT_NAME = "$(TARGET_NAME)";
				SWIFT_VERSION = 5.0;
				TARGETED_DEVICE_FAMILY = "1,2";
				TEST_TARGET_NAME = DouYu;
			};
			name = Debug;
		};
		9435224C230409B500C6BA2C /* Release */ = {
			isa = XCBuildConfiguration;
			buildSettings = {
				ALWAYS_EMBED_SWIFT_STANDARD_LIBRARIES = YES;
				CODE_SIGN_STYLE = Automatic;
				DEVELOPMENT_TEAM = LE46WRRWBD;
				INFOPLIST_FILE = DouYuUITests/Info.plist;
				LD_RUNPATH_SEARCH_PATHS = (
					"$(inherited)",
					"@executable_path/Frameworks",
					"@loader_path/Frameworks",
				);
				PRODUCT_BUNDLE_IDENTIFIER = DaoxiangDeng.DouYuUITests;
				PRODUCT_NAME = "$(TARGET_NAME)";
				SWIFT_VERSION = 5.0;
				TARGETED_DEVICE_FAMILY = "1,2";
				TEST_TARGET_NAME = DouYu;
			};
			name = Release;
		};
/* End XCBuildConfiguration section */

/* Begin XCConfigurationList section */
		94352214230409B200C6BA2C /* Build configuration list for PBXProject "DouYu" */ = {
			isa = XCConfigurationList;
			buildConfigurations = (
				94352242230409B500C6BA2C /* Debug */,
				94352243230409B500C6BA2C /* Release */,
			);
			defaultConfigurationIsVisible = 0;
			defaultConfigurationName = Release;
		};
		94352244230409B500C6BA2C /* Build configuration list for PBXNativeTarget "DouYu" */ = {
			isa = XCConfigurationList;
			buildConfigurations = (
				94352245230409B500C6BA2C /* Debug */,
				94352246230409B500C6BA2C /* Release */,
			);
			defaultConfigurationIsVisible = 0;
			defaultConfigurationName = Release;
		};
		94352247230409B500C6BA2C /* Build configuration list for PBXNativeTarget "DouYuTests" */ = {
			isa = XCConfigurationList;
			buildConfigurations = (
				94352248230409B500C6BA2C /* Debug */,
				94352249230409B500C6BA2C /* Release */,
			);
			defaultConfigurationIsVisible = 0;
			defaultConfigurationName = Release;
		};
		9435224A230409B500C6BA2C /* Build configuration list for PBXNativeTarget "DouYuUITests" */ = {
			isa = XCConfigurationList;
			buildConfigurations = (
				9435224B230409B500C6BA2C /* Debug */,
				9435224C230409B500C6BA2C /* Release */,
			);
			defaultConfigurationIsVisible = 0;
			defaultConfigurationName = Release;
		};
/* End XCConfigurationList section */

/* Begin XCVersionGroup section */
		94352223230409B200C6BA2C /* DouYu.xcdatamodeld */ = {
			isa = XCVersionGroup;
			children = (
				94352224230409B200C6BA2C /* DouYu.xcdatamodel */,
			);
			currentVersion = 94352224230409B200C6BA2C /* DouYu.xcdatamodel */;
			path = DouYu.xcdatamodeld;
			sourceTree = "<group>";
			versionGroupType = wrapper.xcdatamodel;
		};
/* End XCVersionGroup section */
	};
	rootObject = 94352211230409B200C6BA2C /* Project object */;
}
